
Microsoft Visual Studio Solution File, Format Version 12.00
# Visual Studio Version 17
VisualStudioVersion = 17.2.32602.215
MinimumVisualStudioVersion = 10.0.40219.1
Project("{9A19103F-16F7-4668-BE54-9A1E7A4F7556}") = "WishList_RestService", "WishList_RestService\WishList_RestService.csproj", "{9295CA13-D4BF-4960-827C-083F9530880D}"
EndProject
Project("{9A19103F-16F7-4668-BE54-9A1E7A4F7556}") = "WishList-Tests", "WishList-Tests\WishList-Tests.csproj", "{27747F0D-A442-4107-89C0-F37C9B813885}"
EndProject
Global
	GlobalSection(SolutionConfigurationPlatforms) = preSolution
		Debug|Any CPU = Debug|Any CPU
		Release|Any CPU = Release|Any CPU
	EndGlobalSection
	GlobalSection(ProjectConfigurationPlatforms) = postSolution
		{9295CA13-D4BF-4960-827C-083F9530880D}.Debug|Any CPU.ActiveCfg = Debug|Any CPU
		{9295CA13-D4BF-4960-827C-083F9530880D}.Debug|Any CPU.Build.0 = Debug|Any CPU
		{9295CA13-D4BF-4960-827C-083F9530880D}.Release|Any CPU.ActiveCfg = Release|Any CPU
		{9295CA13-D4BF-4960-827C-083F9530880D}.Release|Any CPU.Build.0 = Release|Any CPU
		{27747F0D-A442-4107-89C0-F37C9B813885}.Debug|Any CPU.ActiveCfg = Debug|Any CPU
		{27747F0D-A442-4107-89C0-F37C9B813885}.Debug|Any CPU.Build.0 = Debug|Any CPU
		{27747F0D-A442-4107-89C0-F37C9B813885}.Release|Any CPU.ActiveCfg = Release|Any CPU
		{27747F0D-A442-4107-89C0-F37C9B813885}.Release|Any CPU.Build.0 = Release|Any CPU
	EndGlobalSection
	GlobalSection(SolutionProperties) = preSolution
		HideSolutionNode = FALSE
	EndGlobalSection
	GlobalSection(ExtensibilityGlobals) = postSolution
		SolutionGuid = {07E31AEB-7845-44DE-9288-F4016E67A36A}
	EndGlobalSection
EndGlobal
